
Microsoft Visual Studio Solution File, Format Version 12.00
# Visual Studio Version 16
VisualStudioVersion = 16.0.31729.503
MinimumVisualStudioVersion = 10.0.40219.1
Project("{FAE04EC0-301F-11D3-BF4B-00C04F79EFBC}") = "MoodAnalyzer", "MoodAnalyzer\MoodAnalyzer.csproj", "{4C0D93F1-E668-4756-BD2C-AA1EB46560EE}"
EndProject
Global
	GlobalSection(SolutionConfigurationPlatforms) = preSolution
		Debug|Any CPU = Debug|Any CPU
		Release|Any CPU = Release|Any CPU
	EndGlobalSection
	GlobalSection(ProjectConfigurationPlatforms) = postSolution
		{4C0D93F1-E668-4756-BD2C-AA1EB46560EE}.Debug|Any CPU.ActiveCfg = Debug|Any CPU
		{4C0D93F1-E668-4756-BD2C-AA1EB46560EE}.Debug|Any CPU.Build.0 = Debug|Any CPU
		{4C0D93F1-E668-4756-BD2C-AA1EB46560EE}.Release|Any CPU.ActiveCfg = Release|Any CPU
		{4C0D93F1-E668-4756-BD2C-AA1EB46560EE}.Release|Any CPU.Build.0 = Release|Any CPU
	EndGlobalSection
	GlobalSection(SolutionProperties) = preSolution
		HideSolutionNode = FALSE
	EndGlobalSection
	GlobalSection(ExtensibilityGlobals) = postSolution
		SolutionGuid = {0F0673B7-92EA-4541-8A71-76DDE12F3F01}
	EndGlobalSection
EndGlobal
